# This file is @generated by PDM.
# It is not intended for manual editing.

[metadata]
groups = ["default"]
strategy = ["inherit_metadata"]
lock_version = "4.5.0"
content_hash = "sha256:13b25533bc2831d2812156e06a8945cf290722e8771a5027e6a2169a4ced43c7"

[[metadata.targets]]
requires_python = ">=3.13"

[[package]]
name = "anyio"
version = "4.9.0"
requires_python = ">=3.9"
summary = "High level compatibility layer for multiple asynchronous event loop implementations"
groups = ["default"]
dependencies = [
    "exceptiongroup>=1.0.2; python_version < \"3.11\"",
    "idna>=2.8",
    "sniffio>=1.1",
    "typing-extensions>=4.5; python_version < \"3.13\"",
]
files = [
    {file = "anyio-4.9.0-py3-none-any.whl", hash = "sha256:9f76d541cad6e36af7beb62e978876f3b41e3e04f2c1fbf0884604c0a9c4d93c"},
    {file = "anyio-4.9.0.tar.gz", hash = "sha256:673c0c244e15788651a4ff38710fea9675823028a6f08a5eda409e0c9840a028"},
]

[[package]]
name = "backoff"
version = "2.2.1"
requires_python = ">=3.7,<4.0"
summary = "Function decoration for backoff and retry"
groups = ["default"]
files = [
    {file = "backoff-2.2.1-py3-none-any.whl", hash = "sha256:63579f9a0628e06278f7e47b7d7d5b6ce20dc65c5e96a6f3ca99a6adca0396e8"},
    {file = "backoff-2.2.1.tar.gz", hash = "sha256:03f829f5bb1923180821643f8753b0502c3b682293992485b0eef2807afa5cba"},
]

[[package]]
name = "beautifulsoup4"
version = "4.13.4"
requires_python = ">=3.7.0"
summary = "Screen-scraping library"
groups = ["default"]
dependencies = [
    "soupsieve>1.2",
    "typing-extensions>=4.0.0",
]
files = [
    {file = "beautifulsoup4-4.13.4-py3-none-any.whl", hash = "sha256:9bbbb14bfde9d79f38b8cd5f8c7c85f4b8f2523190ebed90e950a8dea4cb1c4b"},
    {file = "beautifulsoup4-4.13.4.tar.gz", hash = "sha256:dbb3c4e1ceae6aefebdaf2423247260cd062430a410e38c66f2baa50a8437195"},
]

[[package]]
name = "certifi"
version = "2025.4.26"
requires_python = ">=3.6"
summary = "Python package for providing Mozilla's CA Bundle."
groups = ["default"]
files = [
    {file = "certifi-2025.4.26-py3-none-any.whl", hash = "sha256:30350364dfe371162649852c63336a15c70c6510c2ad5015b21c2345311805f3"},
    {file = "certifi-2025.4.26.tar.gz", hash = "sha256:0a816057ea3cdefcef70270d2c515e4506bbc954f417fa5ade2021213bb8f0c6"},
]

[[package]]
name = "cffi"
version = "1.17.1"
requires_python = ">=3.8"
summary = "Foreign Function Interface for Python calling C code."
groups = ["default"]
dependencies = [
    "pycparser",
]
files = [
    {file = "cffi-1.17.1-cp313-cp313-macosx_10_13_x86_64.whl", hash = "sha256:f3a2b4222ce6b60e2e8b337bb9596923045681d71e5a082783484d845390938e"},
    {file = "cffi-1.17.1-cp313-cp313-macosx_11_0_arm64.whl", hash = "sha256:0984a4925a435b1da406122d4d7968dd861c1385afe3b45ba82b750f229811e2"},
    {file = "cffi-1.17.1-cp313-cp313-manylinux_2_12_i686.manylinux2010_i686.manylinux_2_17_i686.manylinux2014_i686.whl", hash = "sha256:d01b12eeeb4427d3110de311e1774046ad344f5b1a7403101878976ecd7a10f3"},
    {file = "cffi-1.17.1-cp313-cp313-manylinux_2_17_aarch64.manylinux2014_aarch64.whl", hash = "sha256:706510fe141c86a69c8ddc029c7910003a17353970cff3b904ff0686a5927683"},
    {file = "cffi-1.17.1-cp313-cp313-manylinux_2_17_ppc64le.manylinux2014_ppc64le.whl", hash = "sha256:de55b766c7aa2e2a3092c51e0483d700341182f08e67c63630d5b6f200bb28e5"},
    {file = "cffi-1.17.1-cp313-cp313-manylinux_2_17_s390x.manylinux2014_s390x.whl", hash = "sha256:c59d6e989d07460165cc5ad3c61f9fd8f1b4796eacbd81cee78957842b834af4"},
    {file = "cffi-1.17.1-cp313-cp313-manylinux_2_17_x86_64.manylinux2014_x86_64.whl", hash = "sha256:dd398dbc6773384a17fe0d3e7eeb8d1a21c2200473ee6806bb5e6a8e62bb73dd"},
    {file = "cffi-1.17.1-cp313-cp313-musllinux_1_1_aarch64.whl", hash = "sha256:3edc8d958eb099c634dace3c7e16560ae474aa3803a5df240542b305d14e14ed"},
    {file = "cffi-1.17.1-cp313-cp313-musllinux_1_1_x86_64.whl", hash = "sha256:72e72408cad3d5419375fc87d289076ee319835bdfa2caad331e377589aebba9"},
    {file = "cffi-1.17.1-cp313-cp313-win32.whl", hash = "sha256:e03eab0a8677fa80d646b5ddece1cbeaf556c313dcfac435ba11f107ba117b5d"},
    {file = "cffi-1.17.1-cp313-cp313-win_amd64.whl", hash = "sha256:f6a16c31041f09ead72d69f583767292f750d24913dadacf5756b966aacb3f1a"},
    {file = "cffi-1.17.1.tar.gz", hash = "sha256:1c39c6016c32bc48dd54561950ebd6836e1670f2ae46128f67cf49e789c52824"},
]

[[package]]
name = "charset-normalizer"
version = "3.4.2"
requires_python = ">=3.7"
summary = "The Real First Universal Charset Detector. Open, modern and actively maintained alternative to Chardet."
groups = ["default"]
files = [
    {file = "charset_normalizer-3.4.2-cp313-cp313-macosx_10_13_universal2.whl", hash = "sha256:926ca93accd5d36ccdabd803392ddc3e03e6d4cd1cf17deff3b989ab8e9dbcf0"},
    {file = "charset_normalizer-3.4.2-cp313-cp313-manylinux_2_17_aarch64.manylinux2014_aarch64.whl", hash = "sha256:eba9904b0f38a143592d9fc0e19e2df0fa2e41c3c3745554761c5f6447eedabf"},
    {file = "charset_normalizer-3.4.2-cp313-cp313-manylinux_2_17_ppc64le.manylinux2014_ppc64le.whl", hash = "sha256:3fddb7e2c84ac87ac3a947cb4e66d143ca5863ef48e4a5ecb83bd48619e4634e"},
    {file = "charset_normalizer-3.4.2-cp313-cp313-manylinux_2_17_s390x.manylinux2014_s390x.whl", hash = "sha256:98f862da73774290f251b9df8d11161b6cf25b599a66baf087c1ffe340e9bfd1"},
    {file = "charset_normalizer-3.4.2-cp313-cp313-manylinux_2_17_x86_64.manylinux2014_x86_64.whl", hash = "sha256:6c9379d65defcab82d07b2a9dfbfc2e95bc8fe0ebb1b176a3190230a3ef0e07c"},
    {file = "charset_normalizer-3.4.2-cp313-cp313-manylinux_2_5_i686.manylinux1_i686.manylinux_2_17_i686.manylinux2014_i686.whl", hash = "sha256:e635b87f01ebc977342e2697d05b56632f5f879a4f15955dfe8cef2448b51691"},
    {file = "charset_normalizer-3.4.2-cp313-cp313-musllinux_1_2_aarch64.whl", hash = "sha256:1c95a1e2902a8b722868587c0e1184ad5c55631de5afc0eb96bc4b0d738092c0"},
    {file = "charset_normalizer-3.4.2-cp313-cp313-musllinux_1_2_i686.whl", hash = "sha256:ef8de666d6179b009dce7bcb2ad4c4a779f113f12caf8dc77f0162c29d20490b"},
    {file = "charset_normalizer-3.4.2-cp313-cp313-musllinux_1_2_ppc64le.whl", hash = "sha256:32fc0341d72e0f73f80acb0a2c94216bd704f4f0bce10aedea38f30502b271ff"},
    {file = "charset_normalizer-3.4.2-cp313-cp313-musllinux_1_2_s390x.whl", hash = "sha256:289200a18fa698949d2b39c671c2cc7a24d44096784e76614899a7ccf2574b7b"},
    {file = "charset_normalizer-3.4.2-cp313-cp313-musllinux_1_2_x86_64.whl", hash = "sha256:4a476b06fbcf359ad25d34a057b7219281286ae2477cc5ff5e3f70a246971148"},
    {file = "charset_normalizer-3.4.2-cp313-cp313-win32.whl", hash = "sha256:aaeeb6a479c7667fbe1099af9617c83aaca22182d6cf8c53966491a0f1b7ffb7"},
    {file = "charset_normalizer-3.4.2-cp313-cp313-win_amd64.whl", hash = "sha256:aa6af9e7d59f9c12b33ae4e9450619cf2488e2bbe9b44030905877f0b2324980"},
    {file = "charset_normalizer-3.4.2-py3-none-any.whl", hash = "sha256:7f56930ab0abd1c45cd15be65cc741c28b1c9a34876ce8c17a2fa107810c0af0"},
    {file = "charset_normalizer-3.4.2.tar.gz", hash = "sha256:5baececa9ecba31eff645232d59845c07aa030f0c81ee70184a90d35099a0e63"},
]

[[package]]
name = "cryptography"
version = "45.0.3"
requires_python = "!=3.9.0,!=3.9.1,>=3.7"
summary = "cryptography is a package which provides cryptographic recipes and primitives to Python developers."
groups = ["default"]
dependencies = [
    "cffi>=1.14; platform_python_implementation != \"PyPy\"",
]
files = [
    {file = "cryptography-45.0.3-cp311-abi3-macosx_10_9_universal2.whl", hash = "sha256:7573d9eebaeceeb55285205dbbb8753ac1e962af3d9640791d12b36864065e71"},
    {file = "cryptography-45.0.3-cp311-abi3-manylinux_2_17_aarch64.manylinux2014_aarch64.whl", hash = "sha256:d377dde61c5d67eb4311eace661c3efda46c62113ff56bf05e2d679e02aebb5b"},
    {file = "cryptography-45.0.3-cp311-abi3-manylinux_2_17_x86_64.manylinux2014_x86_64.whl", hash = "sha256:fae1e637f527750811588e4582988932c222f8251f7b7ea93739acb624e1487f"},
    {file = "cryptography-45.0.3-cp311-abi3-manylinux_2_28_aarch64.whl", hash = "sha256:ca932e11218bcc9ef812aa497cdf669484870ecbcf2d99b765d6c27a86000942"},
    {file = "cryptography-45.0.3-cp311-abi3-manylinux_2_28_armv7l.manylinux_2_31_armv7l.whl", hash = "sha256:af3f92b1dc25621f5fad065288a44ac790c5798e986a34d393ab27d2b27fcff9"},
    {file = "cryptography-45.0.3-cp311-abi3-manylinux_2_28_x86_64.whl", hash = "sha256:2f8f8f0b73b885ddd7f3d8c2b2234a7d3ba49002b0223f58cfde1bedd9563c56"},
    {file = "cryptography-45.0.3-cp311-abi3-manylinux_2_34_aarch64.whl", hash = "sha256:9cc80ce69032ffa528b5e16d217fa4d8d4bb7d6ba8659c1b4d74a1b0f4235fca"},
    {file = "cryptography-45.0.3-cp311-abi3-manylinux_2_34_x86_64.whl", hash = "sha256:c824c9281cb628015bfc3c59335163d4ca0540d49de4582d6c2637312907e4b1"},
    {file = "cryptography-45.0.3-cp311-abi3-musllinux_1_2_aarch64.whl", hash = "sha256:5833bb4355cb377ebd880457663a972cd044e7f49585aee39245c0d592904578"},
    {file = "cryptography-45.0.3-cp311-abi3-musllinux_1_2_x86_64.whl", hash = "sha256:9bb5bf55dcb69f7067d80354d0a348368da907345a2c448b0babc4215ccd3497"},
    {file = "cryptography-45.0.3-cp311-abi3-win32.whl", hash = "sha256:3ad69eeb92a9de9421e1f6685e85a10fbcfb75c833b42cc9bc2ba9fb00da4710"},
    {file = "cryptography-45.0.3-cp311-abi3-win_amd64.whl", hash = "sha256:97787952246a77d77934d41b62fb1b6f3581d83f71b44796a4158d93b8f5c490"},
    {file = "cryptography-45.0.3-cp37-abi3-macosx_10_9_universal2.whl", hash = "sha256:c92519d242703b675ccefd0f0562eb45e74d438e001f8ab52d628e885751fb06"},
    {file = "cryptography-45.0.3-cp37-abi3-manylinux_2_17_aarch64.manylinux2014_aarch64.whl", hash = "sha256:c5edcb90da1843df85292ef3a313513766a78fbbb83f584a5a58fb001a5a9d57"},
    {file = "cryptography-45.0.3-cp37-abi3-manylinux_2_17_x86_64.manylinux2014_x86_64.whl", hash = "sha256:38deed72285c7ed699864f964a3f4cf11ab3fb38e8d39cfcd96710cd2b5bb716"},
    {file = "cryptography-45.0.3-cp37-abi3-manylinux_2_28_aarch64.whl", hash = "sha256:5555365a50efe1f486eed6ac7062c33b97ccef409f5970a0b6f205a7cfab59c8"},
    {file = "cryptography-45.0.3-cp37-abi3-manylinux_2_28_armv7l.manylinux_2_31_armv7l.whl", hash = "sha256:9e4253ed8f5948a3589b3caee7ad9a5bf218ffd16869c516535325fece163dcc"},
    {file = "cryptography-45.0.3-cp37-abi3-manylinux_2_28_x86_64.whl", hash = "sha256:cfd84777b4b6684955ce86156cfb5e08d75e80dc2585e10d69e47f014f0a5342"},
    {file = "cryptography-45.0.3-cp37-abi3-manylinux_2_34_aarch64.whl", hash = "sha256:a2b56de3417fd5f48773ad8e91abaa700b678dc7fe1e0c757e1ae340779acf7b"},
    {file = "cryptography-45.0.3-cp37-abi3-manylinux_2_34_x86_64.whl", hash = "sha256:57a6500d459e8035e813bd8b51b671977fb149a8c95ed814989da682314d0782"},
    {file = "cryptography-45.0.3-cp37-abi3-musllinux_1_2_aarch64.whl", hash = "sha256:f22af3c78abfbc7cbcdf2c55d23c3e022e1a462ee2481011d518c7fb9c9f3d65"},
    {file = "cryptography-45.0.3-cp37-abi3-musllinux_1_2_x86_64.whl", hash = "sha256:232954730c362638544758a8160c4ee1b832dc011d2c41a306ad8f7cccc5bb0b"},
    {file = "cryptography-45.0.3-cp37-abi3-win32.whl", hash = "sha256:cb6ab89421bc90e0422aca911c69044c2912fc3debb19bb3c1bfe28ee3dff6ab"},
    {file = "cryptography-45.0.3-cp37-abi3-win_amd64.whl", hash = "sha256:d54ae41e6bd70ea23707843021c778f151ca258081586f0cfa31d936ae43d1b2"},
    {file = "cryptography-45.0.3.tar.gz", hash = "sha256:ec21313dd335c51d7877baf2972569f40a4291b76a0ce51391523ae358d05899"},
]

[[package]]
name = "deprecated"
version = "1.2.18"
requires_python = "!=3.0.*,!=3.1.*,!=3.2.*,!=3.3.*,>=2.7"
summary = "Python @deprecated decorator to deprecate old python classes, functions or methods."
groups = ["default"]
dependencies = [
    "wrapt<2,>=1.10",
]
files = [
    {file = "Deprecated-1.2.18-py2.py3-none-any.whl", hash = "sha256:bd5011788200372a32418f888e326a09ff80d0214bd961147cfed01b5c018eec"},
    {file = "deprecated-1.2.18.tar.gz", hash = "sha256:422b6f6d859da6f2ef57857761bfb392480502a64c3028ca9bbe86085d72115d"},
]

[[package]]
name = "gitdb"
version = "4.0.12"
requires_python = ">=3.7"
summary = "Git Object Database"
groups = ["default"]
dependencies = [
    "smmap<6,>=3.0.1",
]
files = [
    {file = "gitdb-4.0.12-py3-none-any.whl", hash = "sha256:67073e15955400952c6565cc3e707c554a4eea2e428946f7a4c162fab9bd9bcf"},
    {file = "gitdb-4.0.12.tar.gz", hash = "sha256:5ef71f855d191a3326fcfbc0d5da835f26b13fbcba60c32c21091c349ffdb571"},
]

[[package]]
name = "gitpython"
version = "3.1.44"
requires_python = ">=3.7"
summary = "GitPython is a Python library used to interact with Git repositories"
groups = ["default"]
dependencies = [
    "gitdb<5,>=4.0.1",
    "typing-extensions>=3.7.4.3; python_version < \"3.8\"",
]
files = [
    {file = "GitPython-3.1.44-py3-none-any.whl", hash = "sha256:9e0e10cda9bed1ee64bc9a6de50e7e38a9c9943241cd7f585f6df3ed28011110"},
    {file = "gitpython-3.1.44.tar.gz", hash = "sha256:c87e30b26253bf5418b01b0660f818967f3c503193838337fe5e573331249269"},
]

[[package]]
name = "gql"
version = "3.5.3"
summary = "GraphQL client for Python"
groups = ["default"]
dependencies = [
    "anyio<5,>=3.0",
    "backoff<3.0,>=1.11.1",
    "graphql-core<3.2.7,>=3.2",
    "yarl<2.0,>=1.6",
]
files = [
    {file = "gql-3.5.3-py2.py3-none-any.whl", hash = "sha256:e1fcbde2893fcafdd28114ece87ff47f1cc339a31db271fc4e1d528f5a1d4fbc"},
    {file = "gql-3.5.3.tar.gz", hash = "sha256:393b8c049d58e0d2f5461b9d738a2b5f904186a40395500b4a84dd092d56e42b"},
]

[[package]]
name = "graphql-core"
version = "3.2.6"
requires_python = "<4,>=3.6"
summary = "GraphQL implementation for Python, a port of GraphQL.js, the JavaScript reference implementation for GraphQL."
groups = ["default"]
dependencies = [
    "typing-extensions<5,>=4; python_version < \"3.10\"",
]
files = [
    {file = "graphql_core-3.2.6-py3-none-any.whl", hash = "sha256:78b016718c161a6fb20a7d97bbf107f331cd1afe53e45566c59f776ed7f0b45f"},
    {file = "graphql_core-3.2.6.tar.gz", hash = "sha256:c08eec22f9e40f0bd61d805907e3b3b1b9a320bc606e23dc145eebca07c8fbab"},
]

[[package]]
name = "html5lib"
version = "1.1"
requires_python = ">=2.7, !=3.0.*, !=3.1.*, !=3.2.*, !=3.3.*, !=3.4.*"
summary = "HTML parser based on the WHATWG HTML specification"
groups = ["default"]
dependencies = [
    "six>=1.9",
    "webencodings",
]
files = [
    {file = "html5lib-1.1-py2.py3-none-any.whl", hash = "sha256:0d78f8fde1c230e99fe37986a60526d7049ed4bf8a9fadbad5f00e22e58e041d"},
    {file = "html5lib-1.1.tar.gz", hash = "sha256:b2e5b40261e20f354d198eae92afc10d750afb487ed5e50f9c4eaf07c184146f"},
]

[[package]]
name = "idna"
version = "3.10"
requires_python = ">=3.6"
summary = "Internationalized Domain Names in Applications (IDNA)"
groups = ["default"]
files = [
    {file = "idna-3.10-py3-none-any.whl", hash = "sha256:946d195a0d259cbba61165e88e65941f16e9b36ea6ddb97f00452bae8b1287d3"},
    {file = "idna-3.10.tar.gz", hash = "sha256:12f65c9b470abda6dc35cf8e63cc574b1c52b11df2c86030af0ac09b01b13ea9"},
]

[[package]]
name = "markdown-it-py"
version = "3.0.0"
requires_python = ">=3.8"
summary = "Python port of markdown-it. Markdown parsing, done right!"
groups = ["default"]
dependencies = [
    "mdurl~=0.1",
]
files = [
    {file = "markdown-it-py-3.0.0.tar.gz", hash = "sha256:e3f60a94fa066dc52ec76661e37c851cb232d92f9886b15cb560aaada2df8feb"},
    {file = "markdown_it_py-3.0.0-py3-none-any.whl", hash = "sha256:355216845c60bd96232cd8d8c40e8f9765cc86f46880e43a8fd22dc1a1a8cab1"},
]

[[package]]
name = "mdurl"
version = "0.1.2"
requires_python = ">=3.7"
summary = "Markdown URL utilities"
groups = ["default"]
files = [
    {file = "mdurl-0.1.2-py3-none-any.whl", hash = "sha256:84008a41e51615a49fc9966191ff91509e3c40b939176e643fd50a5c2196b8f8"},
    {file = "mdurl-0.1.2.tar.gz", hash = "sha256:bb413d29f5eea38f31dd4754dd7377d4465116fb207585f97bf925588687c1ba"},
]

[[package]]
name = "multidict"
version = "6.4.4"
requires_python = ">=3.9"
summary = "multidict implementation"
groups = ["default"]
dependencies = [
    "typing-extensions>=4.1.0; python_version < \"3.11\"",
]
files = [
    {file = "multidict-6.4.4-cp313-cp313-macosx_10_13_universal2.whl", hash = "sha256:82ffabefc8d84c2742ad19c37f02cde5ec2a1ee172d19944d380f920a340e4b9"},
    {file = "multidict-6.4.4-cp313-cp313-macosx_10_13_x86_64.whl", hash = "sha256:6a2f58a66fe2c22615ad26156354005391e26a2f3721c3621504cd87c1ea87bf"},
    {file = "multidict-6.4.4-cp313-cp313-macosx_11_0_arm64.whl", hash = "sha256:5883d6ee0fd9d8a48e9174df47540b7545909841ac82354c7ae4cbe9952603bd"},
    {file = "multidict-6.4.4-cp313-cp313-manylinux_2_17_aarch64.manylinux2014_aarch64.whl", hash = "sha256:9abcf56a9511653fa1d052bfc55fbe53dbee8f34e68bd6a5a038731b0ca42d15"},
    {file = "multidict-6.4.4-cp313-cp313-manylinux_2_17_armv7l.manylinux2014_armv7l.manylinux_2_31_armv7l.whl", hash = "sha256:6ed5ae5605d4ad5a049fad2a28bb7193400700ce2f4ae484ab702d1e3749c3f9"},
    {file = "multidict-6.4.4-cp313-cp313-manylinux_2_17_ppc64le.manylinux2014_ppc64le.whl", hash = "sha256:bbfcb60396f9bcfa63e017a180c3105b8c123a63e9d1428a36544e7d37ca9e20"},
    {file = "multidict-6.4.4-cp313-cp313-manylinux_2_17_s390x.manylinux2014_s390x.whl", hash = "sha256:b0f1987787f5f1e2076b59692352ab29a955b09ccc433c1f6b8e8e18666f608b"},
    {file = "multidict-6.4.4-cp313-cp313-manylinux_2_17_x86_64.manylinux2014_x86_64.whl", hash = "sha256:1d0121ccce8c812047d8d43d691a1ad7641f72c4f730474878a5aeae1b8ead8c"},
    {file = "multidict-6.4.4-cp313-cp313-manylinux_2_5_i686.manylinux1_i686.manylinux_2_17_i686.manylinux2014_i686.whl", hash = "sha256:83ec4967114295b8afd120a8eec579920c882831a3e4c3331d591a8e5bfbbc0f"},
    {file = "multidict-6.4.4-cp313-cp313-musllinux_1_2_aarch64.whl", hash = "sha256:995f985e2e268deaf17867801b859a282e0448633f1310e3704b30616d269d69"},
    {file = "multidict-6.4.4-cp313-cp313-musllinux_1_2_armv7l.whl", hash = "sha256:d832c608f94b9f92a0ec8b7e949be7792a642b6e535fcf32f3e28fab69eeb046"},
    {file = "multidict-6.4.4-cp313-cp313-musllinux_1_2_i686.whl", hash = "sha256:d21c1212171cf7da703c5b0b7a0e85be23b720818aef502ad187d627316d5645"},
    {file = "multidict-6.4.4-cp313-cp313-musllinux_1_2_ppc64le.whl", hash = "sha256:cbebaa076aaecad3d4bb4c008ecc73b09274c952cf6a1b78ccfd689e51f5a5b0"},
    {file = "multidict-6.4.4-cp313-cp313-musllinux_1_2_s390x.whl", hash = "sha256:c93a6fb06cc8e5d3628b2b5fda215a5db01e8f08fc15fadd65662d9b857acbe4"},
    {file = "multidict-6.4.4-cp313-cp313-musllinux_1_2_x86_64.whl", hash = "sha256:8cd8f81f1310182362fb0c7898145ea9c9b08a71081c5963b40ee3e3cac589b1"},
    {file = "multidict-6.4.4-cp313-cp313-win32.whl", hash = "sha256:3e9f1cd61a0ab857154205fb0b1f3d3ace88d27ebd1409ab7af5096e409614cd"},
    {file = "multidict-6.4.4-cp313-cp313-win_amd64.whl", hash = "sha256:8ffb40b74400e4455785c2fa37eba434269149ec525fc8329858c862e4b35373"},
    {file = "multidict-6.4.4-cp313-cp313t-macosx_10_13_universal2.whl", hash = "sha256:6a602151dbf177be2450ef38966f4be3467d41a86c6a845070d12e17c858a156"},
    {file = "multidict-6.4.4-cp313-cp313t-macosx_10_13_x86_64.whl", hash = "sha256:0d2b9712211b860d123815a80b859075d86a4d54787e247d7fbee9db6832cf1c"},
    {file = "multidict-6.4.4-cp313-cp313t-macosx_11_0_arm64.whl", hash = "sha256:d2fa86af59f8fc1972e121ade052145f6da22758f6996a197d69bb52f8204e7e"},
    {file = "multidict-6.4.4-cp313-cp313t-manylinux_2_17_aarch64.manylinux2014_aarch64.whl", hash = "sha256:50855d03e9e4d66eab6947ba688ffb714616f985838077bc4b490e769e48da51"},
    {file = "multidict-6.4.4-cp313-cp313t-manylinux_2_17_armv7l.manylinux2014_armv7l.manylinux_2_31_armv7l.whl", hash = "sha256:5bce06b83be23225be1905dcdb6b789064fae92499fbc458f59a8c0e68718601"},
    {file = "multidict-6.4.4-cp313-cp313t-manylinux_2_17_ppc64le.manylinux2014_ppc64le.whl", hash = "sha256:66ed0731f8e5dfd8369a883b6e564aca085fb9289aacabd9decd70568b9a30de"},
    {file = "multidict-6.4.4-cp313-cp313t-manylinux_2_17_s390x.manylinux2014_s390x.whl", hash = "sha256:329ae97fc2f56f44d91bc47fe0972b1f52d21c4b7a2ac97040da02577e2daca2"},
    {file = "multidict-6.4.4-cp313-cp313t-manylinux_2_17_x86_64.manylinux2014_x86_64.whl", hash = "sha256:c27e5dcf520923d6474d98b96749e6805f7677e93aaaf62656005b8643f907ab"},
    {file = "multidict-6.4.4-cp313-cp313t-manylinux_2_5_i686.manylinux1_i686.manylinux_2_17_i686.manylinux2014_i686.whl", hash = "sha256:058cc59b9e9b143cc56715e59e22941a5d868c322242278d28123a5d09cdf6b0"},
    {file = "multidict-6.4.4-cp313-cp313t-musllinux_1_2_aarch64.whl", hash = "sha256:69133376bc9a03f8c47343d33f91f74a99c339e8b58cea90433d8e24bb298031"},
    {file = "multidict-6.4.4-cp313-cp313t-musllinux_1_2_armv7l.whl", hash = "sha256:d6b15c55721b1b115c5ba178c77104123745b1417527ad9641a4c5e2047450f0"},
    {file = "multidict-6.4.4-cp313-cp313t-musllinux_1_2_i686.whl", hash = "sha256:a887b77f51d3d41e6e1a63cf3bc7ddf24de5939d9ff69441387dfefa58ac2e26"},
    {file = "multidict-6.4.4-cp313-cp313t-musllinux_1_2_ppc64le.whl", hash = "sha256:632a3bf8f1787f7ef7d3c2f68a7bde5be2f702906f8b5842ad6da9d974d0aab3"},
    {file = "multidict-6.4.4-cp313-cp313t-musllinux_1_2_s390x.whl", hash = "sha256:a145c550900deb7540973c5cdb183b0d24bed6b80bf7bddf33ed8f569082535e"},
    {file = "multidict-6.4.4-cp313-cp313t-musllinux_1_2_x86_64.whl", hash = "sha256:cc5d83c6619ca5c9672cb78b39ed8542f1975a803dee2cda114ff73cbb076edd"},
    {file = "multidict-6.4.4-cp313-cp313t-win32.whl", hash = "sha256:3312f63261b9df49be9d57aaa6abf53a6ad96d93b24f9cc16cf979956355ce6e"},
    {file = "multidict-6.4.4-cp313-cp313t-win_amd64.whl", hash = "sha256:ba852168d814b2c73333073e1c7116d9395bea69575a01b0b3c89d2d5a87c8fb"},
    {file = "multidict-6.4.4-py3-none-any.whl", hash = "sha256:bd4557071b561a8b3b6075c3ce93cf9bfb6182cb241805c3d66ced3b75eff4ac"},
    {file = "multidict-6.4.4.tar.gz", hash = "sha256:69ee9e6ba214b5245031b76233dd95408a0fd57fdb019ddcc1ead4790932a8e8"},
]

[[package]]
name = "propcache"
version = "0.3.1"
requires_python = ">=3.9"
summary = "Accelerated property cache"
groups = ["default"]
files = [
    {file = "propcache-0.3.1-cp313-cp313-macosx_10_13_universal2.whl", hash = "sha256:f1528ec4374617a7a753f90f20e2f551121bb558fcb35926f99e3c42367164b8"},
    {file = "propcache-0.3.1-cp313-cp313-macosx_10_13_x86_64.whl", hash = "sha256:dc1915ec523b3b494933b5424980831b636fe483d7d543f7afb7b3bf00f0c10f"},
    {file = "propcache-0.3.1-cp313-cp313-macosx_11_0_arm64.whl", hash = "sha256:a110205022d077da24e60b3df8bcee73971be9575dec5573dd17ae5d81751111"},
    {file = "propcache-0.3.1-cp313-cp313-manylinux_2_17_aarch64.manylinux2014_aarch64.whl", hash = "sha256:d249609e547c04d190e820d0d4c8ca03ed4582bcf8e4e160a6969ddfb57b62e5"},
    {file = "propcache-0.3.1-cp313-cp313-manylinux_2_17_ppc64le.manylinux2014_ppc64le.whl", hash = "sha256:5ced33d827625d0a589e831126ccb4f5c29dfdf6766cac441d23995a65825dcb"},
    {file = "propcache-0.3.1-cp313-cp313-manylinux_2_17_s390x.manylinux2014_s390x.whl", hash = "sha256:4114c4ada8f3181af20808bedb250da6bae56660e4b8dfd9cd95d4549c0962f7"},
    {file = "propcache-0.3.1-cp313-cp313-manylinux_2_17_x86_64.manylinux2014_x86_64.whl", hash = "sha256:975af16f406ce48f1333ec5e912fe11064605d5c5b3f6746969077cc3adeb120"},
    {file = "propcache-0.3.1-cp313-cp313-manylinux_2_5_i686.manylinux1_i686.manylinux_2_17_i686.manylinux2014_i686.whl", hash = "sha256:a34aa3a1abc50740be6ac0ab9d594e274f59960d3ad253cd318af76b996dd654"},
    {file = "propcache-0.3.1-cp313-cp313-musllinux_1_2_aarch64.whl", hash = "sha256:9cec3239c85ed15bfaded997773fdad9fb5662b0a7cbc854a43f291eb183179e"},
    {file = "propcache-0.3.1-cp313-cp313-musllinux_1_2_armv7l.whl", hash = "sha256:05543250deac8e61084234d5fc54f8ebd254e8f2b39a16b1dce48904f45b744b"},
    {file = "propcache-0.3.1-cp313-cp313-musllinux_1_2_i686.whl", hash = "sha256:5cb5918253912e088edbf023788de539219718d3b10aef334476b62d2b53de53"},
    {file = "propcache-0.3.1-cp313-cp313-musllinux_1_2_ppc64le.whl", hash = "sha256:f3bbecd2f34d0e6d3c543fdb3b15d6b60dd69970c2b4c822379e5ec8f6f621d5"},
    {file = "propcache-0.3.1-cp313-cp313-musllinux_1_2_s390x.whl", hash = "sha256:aca63103895c7d960a5b9b044a83f544b233c95e0dcff114389d64d762017af7"},
    {file = "propcache-0.3.1-cp313-cp313-musllinux_1_2_x86_64.whl", hash = "sha256:5a0a9898fdb99bf11786265468571e628ba60af80dc3f6eb89a3545540c6b0ef"},
    {file = "propcache-0.3.1-cp313-cp313-win32.whl", hash = "sha256:3a02a28095b5e63128bcae98eb59025924f121f048a62393db682f049bf4ac24"},
    {file = "propcache-0.3.1-cp313-cp313-win_amd64.whl", hash = "sha256:813fbb8b6aea2fc9659815e585e548fe706d6f663fa73dff59a1677d4595a037"},
    {file = "propcache-0.3.1-cp313-cp313t-macosx_10_13_universal2.whl", hash = "sha256:a444192f20f5ce8a5e52761a031b90f5ea6288b1eef42ad4c7e64fef33540b8f"},
    {file = "propcache-0.3.1-cp313-cp313t-macosx_10_13_x86_64.whl", hash = "sha256:0fbe94666e62ebe36cd652f5fc012abfbc2342de99b523f8267a678e4dfdee3c"},
    {file = "propcache-0.3.1-cp313-cp313t-macosx_11_0_arm64.whl", hash = "sha256:f011f104db880f4e2166bcdcf7f58250f7a465bc6b068dc84c824a3d4a5c94dc"},
    {file = "propcache-0.3.1-cp313-cp313t-manylinux_2_17_aarch64.manylinux2014_aarch64.whl", hash = "sha256:3e584b6d388aeb0001d6d5c2bd86b26304adde6d9bb9bfa9c4889805021b96de"},
    {file = "propcache-0.3.1-cp313-cp313t-manylinux_2_17_ppc64le.manylinux2014_ppc64le.whl", hash = "sha256:8a17583515a04358b034e241f952f1715243482fc2c2945fd99a1b03a0bd77d6"},
    {file = "propcache-0.3.1-cp313-cp313t-manylinux_2_17_s390x.manylinux2014_s390x.whl", hash = "sha256:5aed8d8308215089c0734a2af4f2e95eeb360660184ad3912686c181e500b2e7"},
    {file = "propcache-0.3.1-cp313-cp313t-manylinux_2_17_x86_64.manylinux2014_x86_64.whl", hash = "sha256:6d8e309ff9a0503ef70dc9a0ebd3e69cf7b3894c9ae2ae81fc10943c37762458"},
    {file = "propcache-0.3.1-cp313-cp313t-manylinux_2_5_i686.manylinux1_i686.manylinux_2_17_i686.manylinux2014_i686.whl", hash = "sha256:b655032b202028a582d27aeedc2e813299f82cb232f969f87a4fde491a233f11"},
    {file = "propcache-0.3.1-cp313-cp313t-musllinux_1_2_aarch64.whl", hash = "sha256:9f64d91b751df77931336b5ff7bafbe8845c5770b06630e27acd5dbb71e1931c"},
    {file = "propcache-0.3.1-cp313-cp313t-musllinux_1_2_armv7l.whl", hash = "sha256:19a06db789a4bd896ee91ebc50d059e23b3639c25d58eb35be3ca1cbe967c3bf"},
    {file = "propcache-0.3.1-cp313-cp313t-musllinux_1_2_i686.whl", hash = "sha256:bef100c88d8692864651b5f98e871fb090bd65c8a41a1cb0ff2322db39c96c27"},
    {file = "propcache-0.3.1-cp313-cp313t-musllinux_1_2_ppc64le.whl", hash = "sha256:87380fb1f3089d2a0b8b00f006ed12bd41bd858fabfa7330c954c70f50ed8757"},
    {file = "propcache-0.3.1-cp313-cp313t-musllinux_1_2_s390x.whl", hash = "sha256:e474fc718e73ba5ec5180358aa07f6aded0ff5f2abe700e3115c37d75c947e18"},
    {file = "propcache-0.3.1-cp313-cp313t-musllinux_1_2_x86_64.whl", hash = "sha256:17d1c688a443355234f3c031349da69444be052613483f3e4158eef751abcd8a"},
    {file = "propcache-0.3.1-cp313-cp313t-win32.whl", hash = "sha256:359e81a949a7619802eb601d66d37072b79b79c2505e6d3fd8b945538411400d"},
    {file = "propcache-0.3.1-cp313-cp313t-win_amd64.whl", hash = "sha256:e7fb9a84c9abbf2b2683fa3e7b0d7da4d8ecf139a1c635732a8bda29c5214b0e"},
    {file = "propcache-0.3.1-py3-none-any.whl", hash = "sha256:9a8ecf38de50a7f518c21568c80f985e776397b902f1ce0b01f799aba1608b40"},
    {file = "propcache-0.3.1.tar.gz", hash = "sha256:40d980c33765359098837527e18eddefc9a24cea5b45e078a7f3bb5b032c6ecf"},
]

[[package]]
name = "pycparser"
version = "2.22"
requires_python = ">=3.8"
summary = "C parser in Python"
groups = ["default"]
files = [
    {file = "pycparser-2.22-py3-none-any.whl", hash = "sha256:c3702b6d3dd8c7abc1afa565d7e63d53a1d0bd86cdc24edd75470f4de499cfcc"},
    {file = "pycparser-2.22.tar.gz", hash = "sha256:491c8be9c040f5390f5bf44a5b07752bd07f56edf992381b05c701439eec10f6"},
]

[[package]]
name = "pygithub"
version = "2.6.1"
requires_python = ">=3.8"
summary = "Use the full Github API v3"
groups = ["default"]
dependencies = [
    "Deprecated",
    "pyjwt[crypto]>=2.4.0",
    "pynacl>=1.4.0",
    "requests>=2.14.0",
    "typing-extensions>=4.0.0",
    "urllib3>=1.26.0",
]
files = [
    {file = "PyGithub-2.6.1-py3-none-any.whl", hash = "sha256:6f2fa6d076ccae475f9fc392cc6cdbd54db985d4f69b8833a28397de75ed6ca3"},
    {file = "pygithub-2.6.1.tar.gz", hash = "sha256:b5c035392991cca63959e9453286b41b54d83bf2de2daa7d7ff7e4312cebf3bf"},
]

[[package]]
name = "pygments"
version = "2.19.1"
requires_python = ">=3.8"
summary = "Pygments is a syntax highlighting package written in Python."
groups = ["default"]
files = [
    {file = "pygments-2.19.1-py3-none-any.whl", hash = "sha256:9ea1544ad55cecf4b8242fab6dd35a93bbce657034b0611ee383099054ab6d8c"},
    {file = "pygments-2.19.1.tar.gz", hash = "sha256:61c16d2a8576dc0649d9f39e089b5f02bcd27fba10d8fb4dcc28173f7a45151f"},
]

[[package]]
name = "pyjwt"
version = "2.10.1"
requires_python = ">=3.9"
summary = "JSON Web Token implementation in Python"
groups = ["default"]
files = [
    {file = "PyJWT-2.10.1-py3-none-any.whl", hash = "sha256:dcdd193e30abefd5debf142f9adfcdd2b58004e644f25406ffaebd50bd98dacb"},
    {file = "pyjwt-2.10.1.tar.gz", hash = "sha256:3cc5772eb20009233caf06e9d8a0577824723b44e6648ee0a2aedb6cf9381953"},
]

[[package]]
name = "pyjwt"
version = "2.10.1"
extras = ["crypto"]
requires_python = ">=3.9"
summary = "JSON Web Token implementation in Python"
groups = ["default"]
dependencies = [
    "cryptography>=3.4.0",
    "pyjwt==2.10.1",
]
files = [
    {file = "PyJWT-2.10.1-py3-none-any.whl", hash = "sha256:dcdd193e30abefd5debf142f9adfcdd2b58004e644f25406ffaebd50bd98dacb"},
    {file = "pyjwt-2.10.1.tar.gz", hash = "sha256:3cc5772eb20009233caf06e9d8a0577824723b44e6648ee0a2aedb6cf9381953"},
]

[[package]]
name = "pynacl"
version = "1.5.0"
requires_python = ">=3.6"
summary = "Python binding to the Networking and Cryptography (NaCl) library"
groups = ["default"]
dependencies = [
    "cffi>=1.4.1",
]
files = [
    {file = "PyNaCl-1.5.0-cp36-abi3-macosx_10_10_universal2.whl", hash = "sha256:401002a4aaa07c9414132aaed7f6836ff98f59277a234704ff66878c2ee4a0d1"},
    {file = "PyNaCl-1.5.0-cp36-abi3-manylinux_2_17_aarch64.manylinux2014_aarch64.manylinux_2_24_aarch64.whl", hash = "sha256:52cb72a79269189d4e0dc537556f4740f7f0a9ec41c1322598799b0bdad4ef92"},
    {file = "PyNaCl-1.5.0-cp36-abi3-manylinux_2_17_aarch64.manylinux2014_aarch64.whl", hash = "sha256:a36d4a9dda1f19ce6e03c9a784a2921a4b726b02e1c736600ca9c22029474394"},
    {file = "PyNaCl-1.5.0-cp36-abi3-manylinux_2_17_x86_64.manylinux2014_x86_64.manylinux_2_24_x86_64.whl", hash = "sha256:0c84947a22519e013607c9be43706dd42513f9e6ae5d39d3613ca1e142fba44d"},
    {file = "PyNaCl-1.5.0-cp36-abi3-manylinux_2_17_x86_64.manylinux2014_x86_64.whl", hash = "sha256:06b8f6fa7f5de8d5d2f7573fe8c863c051225a27b61e6860fd047b1775807858"},
    {file = "PyNaCl-1.5.0-cp36-abi3-musllinux_1_1_aarch64.whl", hash = "sha256:a422368fc821589c228f4c49438a368831cb5bbc0eab5ebe1d7fac9dded6567b"},
    {file = "PyNaCl-1.5.0-cp36-abi3-musllinux_1_1_x86_64.whl", hash = "sha256:61f642bf2378713e2c2e1de73444a3778e5f0a38be6fee0fe532fe30060282ff"},
    {file = "PyNaCl-1.5.0-cp36-abi3-win32.whl", hash = "sha256:e46dae94e34b085175f8abb3b0aaa7da40767865ac82c928eeb9e57e1ea8a543"},
    {file = "PyNaCl-1.5.0-cp36-abi3-win_amd64.whl", hash = "sha256:20f42270d27e1b6a29f54032090b972d97f0a1b0948cc52392041ef7831fee93"},
    {file = "PyNaCl-1.5.0.tar.gz", hash = "sha256:8ac7448f09ab85811607bdd21ec2464495ac8b7c66d146bf545b0f08fb9220ba"},
]

[[package]]
name = "python-dateutil"
version = "2.9.0.post0"
requires_python = "!=3.0.*,!=3.1.*,!=3.2.*,>=2.7"
summary = "Extensions to the standard Python datetime module"
groups = ["default"]
dependencies = [
    "six>=1.5",
]
files = [
    {file = "python-dateutil-2.9.0.post0.tar.gz", hash = "sha256:37dd54208da7e1cd875388217d5e00ebd4179249f90fb72437e91a35459a0ad3"},
    {file = "python_dateutil-2.9.0.post0-py2.py3-none-any.whl", hash = "sha256:a8b2bc7bffae282281c8140a97d3aa9c14da0b136dfe83f850eea9a5f7470427"},
]

[[package]]
name = "python-dotenv"
version = "1.1.0"
requires_python = ">=3.9"
summary = "Read key-value pairs from a .env file and set them as environment variables"
groups = ["default"]
files = [
    {file = "python_dotenv-1.1.0-py3-none-any.whl", hash = "sha256:d7c01d9e2293916c18baf562d95698754b0dbbb5e74d457c45d4f6561fb9d55d"},
    {file = "python_dotenv-1.1.0.tar.gz", hash = "sha256:41f90bc6f5f177fb41f53e87666db362025010eb28f60a01c9143bfa33a2b2d5"},
]

[[package]]
name = "requests"
version = "2.32.3"
requires_python = ">=3.8"
summary = "Python HTTP for Humans."
groups = ["default"]
dependencies = [
    "certifi>=2017.4.17",
    "charset-normalizer<4,>=2",
    "idna<4,>=2.5",
    "urllib3<3,>=1.21.1",
]
files = [
    {file = "requests-2.32.3-py3-none-any.whl", hash = "sha256:70761cfe03c773ceb22aa2f671b4757976145175cdfca038c02654d061d6dcc6"},
    {file = "requests-2.32.3.tar.gz", hash = "sha256:55365417734eb18255590a9ff9eb97e9e1da868d4ccd6402399eaf68af20a760"},
]

[[package]]
name = "requests-toolbelt"
version = "1.0.0"
requires_python = ">=2.7, !=3.0.*, !=3.1.*, !=3.2.*, !=3.3.*"
summary = "A utility belt for advanced users of python-requests"
groups = ["default"]
dependencies = [
    "requests<3.0.0,>=2.0.1",
]
files = [
    {file = "requests-toolbelt-1.0.0.tar.gz", hash = "sha256:7681a0a3d047012b5bdc0ee37d7f8f07ebe76ab08caeccfc3921ce23c88d5bc6"},
    {file = "requests_toolbelt-1.0.0-py2.py3-none-any.whl", hash = "sha256:cccfdd665f0a24fcf4726e690f65639d272bb0637b9b92dfd91a5568ccf6bd06"},
]

[[package]]
name = "rich"
version = "14.0.0"
requires_python = ">=3.8.0"
summary = "Render rich text, tables, progress bars, syntax highlighting, markdown and more to the terminal"
groups = ["default"]
dependencies = [
    "markdown-it-py>=2.2.0",
    "pygments<3.0.0,>=2.13.0",
    "typing-extensions<5.0,>=4.0.0; python_version < \"3.11\"",
]
files = [
    {file = "rich-14.0.0-py3-none-any.whl", hash = "sha256:1c9491e1951aac09caffd42f448ee3d04e58923ffe14993f6e83068dc395d7e0"},
    {file = "rich-14.0.0.tar.gz", hash = "sha256:82f1bc23a6a21ebca4ae0c45af9bdbc492ed20231dcb63f297d6d1021a9d5725"},
]

[[package]]
name = "six"
version = "1.17.0"
requires_python = "!=3.0.*,!=3.1.*,!=3.2.*,>=2.7"
summary = "Python 2 and 3 compatibility utilities"
groups = ["default"]
files = [
    {file = "six-1.17.0-py2.py3-none-any.whl", hash = "sha256:4721f391ed90541fddacab5acf947aa0d3dc7d27b2e1e8eda2be8970586c3274"},
    {file = "six-1.17.0.tar.gz", hash = "sha256:ff70335d468e7eb6ec65b95b99d3a2836546063f63acc5171de367e834932a81"},
]

[[package]]
name = "smmap"
version = "5.0.2"
requires_python = ">=3.7"
summary = "A pure Python implementation of a sliding window memory map manager"
groups = ["default"]
files = [
    {file = "smmap-5.0.2-py3-none-any.whl", hash = "sha256:b30115f0def7d7531d22a0fb6502488d879e75b260a9db4d0819cfb25403af5e"},
    {file = "smmap-5.0.2.tar.gz", hash = "sha256:26ea65a03958fa0c8a1c7e8c7a58fdc77221b8910f6be2131affade476898ad5"},
]

[[package]]
name = "sniffio"
version = "1.3.1"
requires_python = ">=3.7"
summary = "Sniff out which async library your code is running under"
groups = ["default"]
files = [
    {file = "sniffio-1.3.1-py3-none-any.whl", hash = "sha256:2f6da418d1f1e0fddd844478f41680e794e6051915791a034ff65e5f100525a2"},
    {file = "sniffio-1.3.1.tar.gz", hash = "sha256:f4324edc670a0f49750a81b895f35c3adb843cca46f0530f79fc1babb23789dc"},
]

[[package]]
name = "soupsieve"
version = "2.7"
requires_python = ">=3.8"
summary = "A modern CSS selector implementation for Beautiful Soup."
groups = ["default"]
files = [
    {file = "soupsieve-2.7-py3-none-any.whl", hash = "sha256:6e60cc5c1ffaf1cebcc12e8188320b72071e922c2e897f737cadce79ad5d30c4"},
    {file = "soupsieve-2.7.tar.gz", hash = "sha256:ad282f9b6926286d2ead4750552c8a6142bc4c783fd66b0293547c8fe6ae126a"},
]

[[package]]
name = "typing-extensions"
version = "4.14.0"
requires_python = ">=3.9"
summary = "Backported and Experimental Type Hints for Python 3.9+"
groups = ["default"]
files = [
    {file = "typing_extensions-4.14.0-py3-none-any.whl", hash = "sha256:a1514509136dd0b477638fc68d6a91497af5076466ad0fa6c338e44e359944af"},
    {file = "typing_extensions-4.14.0.tar.gz", hash = "sha256:8676b788e32f02ab42d9e7c61324048ae4c6d844a399eebace3d4979d75ceef4"},
]

[[package]]
name = "urllib3"
version = "2.4.0"
requires_python = ">=3.9"
summary = "HTTP library with thread-safe connection pooling, file post, and more."
groups = ["default"]
files = [
    {file = "urllib3-2.4.0-py3-none-any.whl", hash = "sha256:4e16665048960a0900c702d4a66415956a584919c03361cac9f1df5c5dd7e813"},
    {file = "urllib3-2.4.0.tar.gz", hash = "sha256:414bc6535b787febd7567804cc015fee39daab8ad86268f1310a9250697de466"},
]

[[package]]
name = "webencodings"
version = "0.5.1"
summary = "Character encoding aliases for legacy web content"
groups = ["default"]
files = [
    {file = "webencodings-0.5.1-py2.py3-none-any.whl", hash = "sha256:a0af1213f3c2226497a97e2b3aa01a7e4bee4f403f95be16fc9acd2947514a78"},
    {file = "webencodings-0.5.1.tar.gz", hash = "sha256:b36a1c245f2d304965eb4e0a82848379241dc04b865afcc4aab16748587e1923"},
]

[[package]]
name = "wrapt"
version = "1.17.2"
requires_python = ">=3.8"
summary = "Module for decorators, wrappers and monkey patching."
groups = ["default"]
files = [
    {file = "wrapt-1.17.2-cp313-cp313-macosx_10_13_universal2.whl", hash = "sha256:6ed6ffac43aecfe6d86ec5b74b06a5be33d5bb9243d055141e8cabb12aa08125"},
    {file = "wrapt-1.17.2-cp313-cp313-macosx_10_13_x86_64.whl", hash = "sha256:35621ae4c00e056adb0009f8e86e28eb4a41a4bfa8f9bfa9fca7d343fe94f998"},
    {file = "wrapt-1.17.2-cp313-cp313-macosx_11_0_arm64.whl", hash = "sha256:a604bf7a053f8362d27eb9fefd2097f82600b856d5abe996d623babd067b1ab5"},
    {file = "wrapt-1.17.2-cp313-cp313-manylinux_2_17_aarch64.manylinux2014_aarch64.whl", hash = "sha256:5cbabee4f083b6b4cd282f5b817a867cf0b1028c54d445b7ec7cfe6505057cf8"},
    {file = "wrapt-1.17.2-cp313-cp313-manylinux_2_5_i686.manylinux1_i686.manylinux_2_17_i686.manylinux2014_i686.whl", hash = "sha256:49703ce2ddc220df165bd2962f8e03b84c89fee2d65e1c24a7defff6f988f4d6"},
    {file = "wrapt-1.17.2-cp313-cp313-manylinux_2_5_x86_64.manylinux1_x86_64.manylinux_2_17_x86_64.manylinux2014_x86_64.whl", hash = "sha256:8112e52c5822fc4253f3901b676c55ddf288614dc7011634e2719718eaa187dc"},
    {file = "wrapt-1.17.2-cp313-cp313-musllinux_1_2_aarch64.whl", hash = "sha256:9fee687dce376205d9a494e9c121e27183b2a3df18037f89d69bd7b35bcf59e2"},
    {file = "wrapt-1.17.2-cp313-cp313-musllinux_1_2_i686.whl", hash = "sha256:18983c537e04d11cf027fbb60a1e8dfd5190e2b60cc27bc0808e653e7b218d1b"},
    {file = "wrapt-1.17.2-cp313-cp313-musllinux_1_2_x86_64.whl", hash = "sha256:703919b1633412ab54bcf920ab388735832fdcb9f9a00ae49387f0fe67dad504"},
    {file = "wrapt-1.17.2-cp313-cp313-win32.whl", hash = "sha256:abbb9e76177c35d4e8568e58650aa6926040d6a9f6f03435b7a522bf1c487f9a"},
    {file = "wrapt-1.17.2-cp313-cp313-win_amd64.whl", hash = "sha256:69606d7bb691b50a4240ce6b22ebb319c1cfb164e5f6569835058196e0f3a845"},
    {file = "wrapt-1.17.2-cp313-cp313t-macosx_10_13_universal2.whl", hash = "sha256:4a721d3c943dae44f8e243b380cb645a709ba5bd35d3ad27bc2ed947e9c68192"},
    {file = "wrapt-1.17.2-cp313-cp313t-macosx_10_13_x86_64.whl", hash = "sha256:766d8bbefcb9e00c3ac3b000d9acc51f1b399513f44d77dfe0eb026ad7c9a19b"},
    {file = "wrapt-1.17.2-cp313-cp313t-macosx_11_0_arm64.whl", hash = "sha256:e496a8ce2c256da1eb98bd15803a79bee00fc351f5dfb9ea82594a3f058309e0"},
    {file = "wrapt-1.17.2-cp313-cp313t-manylinux_2_17_aarch64.manylinux2014_aarch64.whl", hash = "sha256:40d615e4fe22f4ad3528448c193b218e077656ca9ccb22ce2cb20db730f8d306"},
    {file = "wrapt-1.17.2-cp313-cp313t-manylinux_2_5_i686.manylinux1_i686.manylinux_2_17_i686.manylinux2014_i686.whl", hash = "sha256:a5aaeff38654462bc4b09023918b7f21790efb807f54c000a39d41d69cf552cb"},
    {file = "wrapt-1.17.2-cp313-cp313t-manylinux_2_5_x86_64.manylinux1_x86_64.manylinux_2_17_x86_64.manylinux2014_x86_64.whl", hash = "sha256:9a7d15bbd2bc99e92e39f49a04653062ee6085c0e18b3b7512a4f2fe91f2d681"},
    {file = "wrapt-1.17.2-cp313-cp313t-musllinux_1_2_aarch64.whl", hash = "sha256:e3890b508a23299083e065f435a492b5435eba6e304a7114d2f919d400888cc6"},
    {file = "wrapt-1.17.2-cp313-cp313t-musllinux_1_2_i686.whl", hash = "sha256:8c8b293cd65ad716d13d8dd3624e42e5a19cc2a2f1acc74b30c2c13f15cb61a6"},
    {file = "wrapt-1.17.2-cp313-cp313t-musllinux_1_2_x86_64.whl", hash = "sha256:4c82b8785d98cdd9fed4cac84d765d234ed3251bd6afe34cb7ac523cb93e8b4f"},
    {file = "wrapt-1.17.2-cp313-cp313t-win32.whl", hash = "sha256:13e6afb7fe71fe7485a4550a8844cc9ffbe263c0f1a1eea569bc7091d4898555"},
    {file = "wrapt-1.17.2-cp313-cp313t-win_amd64.whl", hash = "sha256:eaf675418ed6b3b31c7a989fd007fa7c3be66ce14e5c3b27336383604c9da85c"},
    {file = "wrapt-1.17.2-py3-none-any.whl", hash = "sha256:b18f2d1533a71f069c7f82d524a52599053d4c7166e9dd374ae2136b7f40f7c8"},
    {file = "wrapt-1.17.2.tar.gz", hash = "sha256:41388e9d4d1522446fe79d3213196bd9e3b301a336965b9e27ca2788ebd122f3"},
]

[[package]]
name = "yarl"
version = "1.20.0"
requires_python = ">=3.9"
summary = "Yet another URL library"
groups = ["default"]
dependencies = [
    "idna>=2.0",
    "multidict>=4.0",
    "propcache>=0.2.1",
]
files = [
    {file = "yarl-1.20.0-cp313-cp313-macosx_10_13_universal2.whl", hash = "sha256:2137810a20b933b1b1b7e5cf06a64c3ed3b4747b0e5d79c9447c00db0e2f752f"},
    {file = "yarl-1.20.0-cp313-cp313-macosx_10_13_x86_64.whl", hash = "sha256:447c5eadd750db8389804030d15f43d30435ed47af1313303ed82a62388176d3"},
    {file = "yarl-1.20.0-cp313-cp313-macosx_11_0_arm64.whl", hash = "sha256:42fbe577272c203528d402eec8bf4b2d14fd49ecfec92272334270b850e9cd7d"},
    {file = "yarl-1.20.0-cp313-cp313-manylinux_2_17_aarch64.manylinux2014_aarch64.whl", hash = "sha256:18e321617de4ab170226cd15006a565d0fa0d908f11f724a2c9142d6b2812ab0"},
    {file = "yarl-1.20.0-cp313-cp313-manylinux_2_17_armv7l.manylinux2014_armv7l.manylinux_2_31_armv7l.whl", hash = "sha256:4345f58719825bba29895011e8e3b545e6e00257abb984f9f27fe923afca2501"},
    {file = "yarl-1.20.0-cp313-cp313-manylinux_2_17_ppc64le.manylinux2014_ppc64le.whl", hash = "sha256:5d9b980d7234614bc4674468ab173ed77d678349c860c3af83b1fffb6a837ddc"},
    {file = "yarl-1.20.0-cp313-cp313-manylinux_2_17_s390x.manylinux2014_s390x.whl", hash = "sha256:af4baa8a445977831cbaa91a9a84cc09debb10bc8391f128da2f7bd070fc351d"},
    {file = "yarl-1.20.0-cp313-cp313-manylinux_2_17_x86_64.manylinux2014_x86_64.whl", hash = "sha256:123393db7420e71d6ce40d24885a9e65eb1edefc7a5228db2d62bcab3386a5c0"},
    {file = "yarl-1.20.0-cp313-cp313-manylinux_2_5_i686.manylinux1_i686.manylinux_2_17_i686.manylinux2014_i686.whl", hash = "sha256:ab47acc9332f3de1b39e9b702d9c916af7f02656b2a86a474d9db4e53ef8fd7a"},
    {file = "yarl-1.20.0-cp313-cp313-musllinux_1_2_aarch64.whl", hash = "sha256:4a34c52ed158f89876cba9c600b2c964dfc1ca52ba7b3ab6deb722d1d8be6df2"},
    {file = "yarl-1.20.0-cp313-cp313-musllinux_1_2_armv7l.whl", hash = "sha256:04d8cfb12714158abf2618f792c77bc5c3d8c5f37353e79509608be4f18705c9"},
    {file = "yarl-1.20.0-cp313-cp313-musllinux_1_2_i686.whl", hash = "sha256:7dc63ad0d541c38b6ae2255aaa794434293964677d5c1ec5d0116b0e308031f5"},
    {file = "yarl-1.20.0-cp313-cp313-musllinux_1_2_ppc64le.whl", hash = "sha256:f9d02b591a64e4e6ca18c5e3d925f11b559c763b950184a64cf47d74d7e41877"},
    {file = "yarl-1.20.0-cp313-cp313-musllinux_1_2_s390x.whl", hash = "sha256:95fc9876f917cac7f757df80a5dda9de59d423568460fe75d128c813b9af558e"},
    {file = "yarl-1.20.0-cp313-cp313-musllinux_1_2_x86_64.whl", hash = "sha256:bb769ae5760cd1c6a712135ee7915f9d43f11d9ef769cb3f75a23e398a92d384"},
    {file = "yarl-1.20.0-cp313-cp313-win32.whl", hash = "sha256:70e0c580a0292c7414a1cead1e076c9786f685c1fc4757573d2967689b370e62"},
    {file = "yarl-1.20.0-cp313-cp313-win_amd64.whl", hash = "sha256:4c43030e4b0af775a85be1fa0433119b1565673266a70bf87ef68a9d5ba3174c"},
    {file = "yarl-1.20.0-cp313-cp313t-macosx_10_13_universal2.whl", hash = "sha256:b6c4c3d0d6a0ae9b281e492b1465c72de433b782e6b5001c8e7249e085b69051"},
    {file = "yarl-1.20.0-cp313-cp313t-macosx_10_13_x86_64.whl", hash = "sha256:8681700f4e4df891eafa4f69a439a6e7d480d64e52bf460918f58e443bd3da7d"},
    {file = "yarl-1.20.0-cp313-cp313t-macosx_11_0_arm64.whl", hash = "sha256:84aeb556cb06c00652dbf87c17838eb6d92cfd317799a8092cee0e570ee11229"},
    {file = "yarl-1.20.0-cp313-cp313t-manylinux_2_17_aarch64.manylinux2014_aarch64.whl", hash = "sha256:f166eafa78810ddb383e930d62e623d288fb04ec566d1b4790099ae0f31485f1"},
    {file = "yarl-1.20.0-cp313-cp313t-manylinux_2_17_armv7l.manylinux2014_armv7l.manylinux_2_31_armv7l.whl", hash = "sha256:5d3d6d14754aefc7a458261027a562f024d4f6b8a798adb472277f675857b1eb"},
    {file = "yarl-1.20.0-cp313-cp313t-manylinux_2_17_ppc64le.manylinux2014_ppc64le.whl", hash = "sha256:2a8f64df8ed5d04c51260dbae3cc82e5649834eebea9eadfd829837b8093eb00"},
    {file = "yarl-1.20.0-cp313-cp313t-manylinux_2_17_s390x.manylinux2014_s390x.whl", hash = "sha256:4d9949eaf05b4d30e93e4034a7790634bbb41b8be2d07edd26754f2e38e491de"},
    {file = "yarl-1.20.0-cp313-cp313t-manylinux_2_17_x86_64.manylinux2014_x86_64.whl", hash = "sha256:9c366b254082d21cc4f08f522ac201d0d83a8b8447ab562732931d31d80eb2a5"},
    {file = "yarl-1.20.0-cp313-cp313t-manylinux_2_5_i686.manylinux1_i686.manylinux_2_17_i686.manylinux2014_i686.whl", hash = "sha256:91bc450c80a2e9685b10e34e41aef3d44ddf99b3a498717938926d05ca493f6a"},
    {file = "yarl-1.20.0-cp313-cp313t-musllinux_1_2_aarch64.whl", hash = "sha256:9c2aa4387de4bc3a5fe158080757748d16567119bef215bec643716b4fbf53f9"},
    {file = "yarl-1.20.0-cp313-cp313t-musllinux_1_2_armv7l.whl", hash = "sha256:d2cbca6760a541189cf87ee54ff891e1d9ea6406079c66341008f7ef6ab61145"},
    {file = "yarl-1.20.0-cp313-cp313t-musllinux_1_2_i686.whl", hash = "sha256:798a5074e656f06b9fad1a162be5a32da45237ce19d07884d0b67a0aa9d5fdda"},
    {file = "yarl-1.20.0-cp313-cp313t-musllinux_1_2_ppc64le.whl", hash = "sha256:f106e75c454288472dbe615accef8248c686958c2e7dd3b8d8ee2669770d020f"},
    {file = "yarl-1.20.0-cp313-cp313t-musllinux_1_2_s390x.whl", hash = "sha256:3b60a86551669c23dc5445010534d2c5d8a4e012163218fc9114e857c0586fdd"},
    {file = "yarl-1.20.0-cp313-cp313t-musllinux_1_2_x86_64.whl", hash = "sha256:3e429857e341d5e8e15806118e0294f8073ba9c4580637e59ab7b238afca836f"},
    {file = "yarl-1.20.0-cp313-cp313t-win32.whl", hash = "sha256:65a4053580fe88a63e8e4056b427224cd01edfb5f951498bfefca4052f0ce0ac"},
    {file = "yarl-1.20.0-cp313-cp313t-win_amd64.whl", hash = "sha256:53b2da3a6ca0a541c1ae799c349788d480e5144cac47dba0266c7cb6c76151fe"},
    {file = "yarl-1.20.0-py3-none-any.whl", hash = "sha256:5d0fe6af927a47a230f31e6004621fd0959eaa915fc62acfafa67ff7229a3124"},
    {file = "yarl-1.20.0.tar.gz", hash = "sha256:686d51e51ee5dfe62dec86e4866ee0e9ed66df700d55c828a615640adc885307"},
]
